// !$*UTF8*$!
{
	archiveVersion = 1;
	classes = {
	};
	objectVersion = 56;
	objects = {

/* Begin PBXBuildFile section */
		CE8CE3A32BB534D5000027D1 /* AppDelegate.swift in Sources */ = {isa = PBXBuildFile; fileRef = CE8CE3A22BB534D5000027D1 /* AppDelegate.swift */; };
		CE8CE3A52BB534D5000027D1 /* SceneDelegate.swift in Sources */ = {isa = PBXBuildFile; fileRef = CE8CE3A42BB534D5000027D1 /* SceneDelegate.swift */; };
		CE8CE3A72BB534D5000027D1 /* ViewController.swift in Sources */ = {isa = PBXBuildFile; fileRef = CE8CE3A62BB534D5000027D1 /* ViewController.swift */; };
		CE8CE3AA2BB534D5000027D1 /* Main.storyboard in Resources */ = {isa = PBXBuildFile; fileRef = CE8CE3A82BB534D5000027D1 /* Main.storyboard */; };
		CE8CE3AC2BB534D6000027D1 /* Assets.xcassets in Resources */ = {isa = PBXBuildFile; fileRef = CE8CE3AB2BB534D6000027D1 /* Assets.xcassets */; };
		CE8CE3AF2BB534D6000027D1 /* LaunchScreen.storyboard in Resources */ = {isa = PBXBuildFile; fileRef = CE8CE3AD2BB534D6000027D1 /* LaunchScreen.storyboard */; };
		CE8CE3B72BB53570000027D1 /* Person.swift in Sources */ = {isa = PBXBuildFile; fileRef = CE8CE3B62BB53570000027D1 /* Person.swift */; };
		CE8CE3B92BB538C9000027D1 /* Servises.swift in Sources */ = {isa = PBXBuildFile; fileRef = CE8CE3B82BB538C9000027D1 /* Servises.swift */; };
		CE8CE3BB2BB5AC7D000027D1 /* DetailsViewController.swift in Sources */ = {isa = PBXBuildFile; fileRef = CE8CE3BA2BB5AC7D000027D1 /* DetailsViewController.swift */; };
		CE8CE3BD2BB71222000027D1 /* TabBarController.swift in Sources */ = {isa = PBXBuildFile; fileRef = CE8CE3BC2BB71222000027D1 /* TabBarController.swift */; };
		CE8CE3BF2BB7195E000027D1 /* PersonsListViewController.swift in Sources */ = {isa = PBXBuildFile; fileRef = CE8CE3BE2BB7195E000027D1 /* PersonsListViewController.swift */; };
/* End PBXBuildFile section */

/* Begin PBXFileReference section */
		CE8CE39F2BB534D5000027D1 /* ContactList.app */ = {isa = PBXFileReference; explicitFileType = wrapper.application; includeInIndex = 0; path = ContactList.app; sourceTree = BUILT_PRODUCTS_DIR; };
		CE8CE3A22BB534D5000027D1 /* AppDelegate.swift */ = {isa = PBXFileReference; lastKnownFileType = sourcecode.swift; path = AppDelegate.swift; sourceTree = "<group>"; };
		CE8CE3A42BB534D5000027D1 /* SceneDelegate.swift */ = {isa = PBXFileReference; lastKnownFileType = sourcecode.swift; path = SceneDelegate.swift; sourceTree = "<group>"; };
		CE8CE3A62BB534D5000027D1 /* ViewController.swift */ = {isa = PBXFileReference; lastKnownFileType = sourcecode.swift; path = ViewController.swift; sourceTree = "<group>"; };
		CE8CE3A92BB534D5000027D1 /* Base */ = {isa = PBXFileReference; lastKnownFileType = file.storyboard; name = Base; path = Base.lproj/Main.storyboard; sourceTree = "<group>"; };
		CE8CE3AB2BB534D6000027D1 /* Assets.xcassets */ = {isa = PBXFileReference; lastKnownFileType = folder.assetcatalog; path = Assets.xcassets; sourceTree = "<group>"; };
		CE8CE3AE2BB534D6000027D1 /* Base */ = {isa = PBXFileReference; lastKnownFileType = file.storyboard; name = Base; path = Base.lproj/LaunchScreen.storyboard; sourceTree = "<group>"; };
		CE8CE3B02BB534D6000027D1 /* Info.plist */ = {isa = PBXFileReference; lastKnownFileType = text.plist.xml; path = Info.plist; sourceTree = "<group>"; };
		CE8CE3B62BB53570000027D1 /* Person.swift */ = {isa = PBXFileReference; lastKnownFileType = sourcecode.swift; path = Person.swift; sourceTree = "<group>"; };
		CE8CE3B82BB538C9000027D1 /* Servises.swift */ = {isa = PBXFileReference; lastKnownFileType = sourcecode.swift; path = Servises.swift; sourceTree = "<group>"; };
		CE8CE3BA2BB5AC7D000027D1 /* DetailsViewController.swift */ = {isa = PBXFileReference; lastKnownFileType = sourcecode.swift; path = DetailsViewController.swift; sourceTree = "<group>"; };
		CE8CE3BC2BB71222000027D1 /* TabBarController.swift */ = {isa = PBXFileReference; lastKnownFileType = sourcecode.swift; path = TabBarController.swift; sourceTree = "<group>"; };
		CE8CE3BE2BB7195E000027D1 /* PersonsListViewController.swift */ = {isa = PBXFileReference; lastKnownFileType = sourcecode.swift; path = PersonsListViewController.swift; sourceTree = "<group>"; };
/* End PBXFileReference section */

/* Begin PBXFrameworksBuildPhase section */
		CE8CE39C2BB534D5000027D1 /* Frameworks */ = {
			isa = PBXFrameworksBuildPhase;
			buildActionMask = 2147483647;
			files = (
			);
			runOnlyForDeploymentPostprocessing = 0;
		};
/* End PBXFrameworksBuildPhase section */

/* Begin PBXGroup section */
		CE8CE3962BB534D5000027D1 = {
			isa = PBXGroup;
			children = (
				CE8CE3A12BB534D5000027D1 /* ContactList */,
				CE8CE3A02BB534D5000027D1 /* Products */,
			);
			sourceTree = "<group>";
		};
		CE8CE3A02BB534D5000027D1 /* Products */ = {
			isa = PBXGroup;
			children = (
				CE8CE39F2BB534D5000027D1 /* ContactList.app */,
			);
			name = Products;
			sourceTree = "<group>";
		};
		CE8CE3A12BB534D5000027D1 /* ContactList */ = {
			isa = PBXGroup;
			children = (
				CE8CE3A22BB534D5000027D1 /* AppDelegate.swift */,
				CE8CE3A42BB534D5000027D1 /* SceneDelegate.swift */,
				CE8CE3C22BB8461C000027D1 /* Controllers */,
				CE8CE3C32BB84644000027D1 /* Services */,
				CE8CE3A82BB534D5000027D1 /* Main.storyboard */,
				CE8CE3AD2BB534D6000027D1 /* LaunchScreen.storyboard */,
				CE8CE3AB2BB534D6000027D1 /* Assets.xcassets */,
				CE8CE3B02BB534D6000027D1 /* Info.plist */,
			);
			path = ContactList;
			sourceTree = "<group>";
		};
		CE8CE3C22BB8461C000027D1 /* Controllers */ = {
			isa = PBXGroup;
			children = (
				CE8CE3A62BB534D5000027D1 /* ViewController.swift */,
				CE8CE3BE2BB7195E000027D1 /* PersonsListViewController.swift */,
				CE8CE3BC2BB71222000027D1 /* TabBarController.swift */,
				CE8CE3BA2BB5AC7D000027D1 /* DetailsViewController.swift */,
			);
			path = Controllers;
			sourceTree = "<group>";
		};
		CE8CE3C32BB84644000027D1 /* Services */ = {
			isa = PBXGroup;
			children = (
				CE8CE3B62BB53570000027D1 /* Person.swift */,
				CE8CE3B82BB538C9000027D1 /* Servises.swift */,
			);
			path = Services;
			sourceTree = "<group>";
		};
/* End PBXGroup section */

/* Begin PBXNativeTarget section */
		CE8CE39E2BB534D5000027D1 /* ContactList */ = {
			isa = PBXNativeTarget;
			buildConfigurationList = CE8CE3B32BB534D6000027D1 /* Build configuration list for PBXNativeTarget "ContactList" */;
			buildPhases = (
				CE8CE39B2BB534D5000027D1 /* Sources */,
				CE8CE39C2BB534D5000027D1 /* Frameworks */,
				CE8CE39D2BB534D5000027D1 /* Resources */,
			);
			buildRules = (
			);
			dependencies = (
			);
			name = ContactList;
			productName = ContactList;
			productReference = CE8CE39F2BB534D5000027D1 /* ContactList.app */;
			productType = "com.apple.product-type.application";
		};
/* End PBXNativeTarget section */

/* Begin PBXProject section */
		CE8CE3972BB534D5000027D1 /* Project object */ = {
			isa = PBXProject;
			attributes = {
				BuildIndependentTargetsInParallel = 1;
				LastSwiftUpdateCheck = 1520;
				LastUpgradeCheck = 1520;
				TargetAttributes = {
					CE8CE39E2BB534D5000027D1 = {
						CreatedOnToolsVersion = 15.2;
					};
				};
			};
			buildConfigurationList = CE8CE39A2BB534D5000027D1 /* Build configuration list for PBXProject "ContactList" */;
			compatibilityVersion = "Xcode 14.0";
			developmentRegion = en;
			hasScannedForEncodings = 0;
			knownRegions = (
				en,
				Base,
			);
			mainGroup = CE8CE3962BB534D5000027D1;
			productRefGroup = CE8CE3A02BB534D5000027D1 /* Products */;
			projectDirPath = "";
			projectRoot = "";
			targets = (
				CE8CE39E2BB534D5000027D1 /* ContactList */,
			);
		};
/* End PBXProject section */

/* Begin PBXResourcesBuildPhase section */
		CE8CE39D2BB534D5000027D1 /* Resources */ = {
			isa = PBXResourcesBuildPhase;
			buildActionMask = 2147483647;
			files = (
				CE8CE3AF2BB534D6000027D1 /* LaunchScreen.storyboard in Resources */,
				CE8CE3AC2BB534D6000027D1 /* Assets.xcassets in Resources */,
				CE8CE3AA2BB534D5000027D1 /* Main.storyboard in Resources */,
			);
			runOnlyForDeploymentPostprocessing = 0;
		};
/* End PBXResourcesBuildPhase section */

/* Begin PBXSourcesBuildPhase section */
		CE8CE39B2BB534D5000027D1 /* Sources */ = {
			isa = PBXSourcesBuildPhase;
			buildActionMask = 2147483647;
			files = (
				CE8CE3B92BB538C9000027D1 /* Servises.swift in Sources */,
				CE8CE3A72BB534D5000027D1 /* ViewController.swift in Sources */,
				CE8CE3A32BB534D5000027D1 /* AppDelegate.swift in Sources */,
				CE8CE3B72BB53570000027D1 /* Person.swift in Sources */,
				CE8CE3BD2BB71222000027D1 /* TabBarController.swift in Sources */,
				CE8CE3A52BB534D5000027D1 /* SceneDelegate.swift in Sources */,
				CE8CE3BB2BB5AC7D000027D1 /* DetailsViewController.swift in Sources */,
				CE8CE3BF2BB7195E000027D1 /* PersonsListViewController.swift in Sources */,
			);
			runOnlyForDeploymentPostprocessing = 0;
		};
/* End PBXSourcesBuildPhase section */

/* Begin PBXVariantGroup section */
		CE8CE3A82BB534D5000027D1 /* Main.storyboard */ = {
			isa = PBXVariantGroup;
			children = (
				CE8CE3A92BB534D5000027D1 /* Base */,
			);
			name = Main.storyboard;
			sourceTree = "<group>";
		};
		CE8CE3AD2BB534D6000027D1 /* LaunchScreen.storyboard */ = {
			isa = PBXVariantGroup;
			children = (
				CE8CE3AE2BB534D6000027D1 /* Base */,
			);
			name = LaunchScreen.storyboard;
			sourceTree = "<group>";
		};
/* End PBXVariantGroup section */

/* Begin XCBuildConfiguration section */
		CE8CE3B12BB534D6000027D1 /* Debug */ = {
			isa = XCBuildConfiguration;
			buildSettings = {
				ALWAYS_SEARCH_USER_PATHS = NO;
				ASSETCATALOG_COMPILER_GENERATE_SWIFT_ASSET_SYMBOL_EXTENSIONS = YES;
				CLANG_ANALYZER_NONNULL = YES;
				CLANG_ANALYZER_NUMBER_OBJECT_CONVERSION = YES_AGGRESSIVE;
				CLANG_CXX_LANGUAGE_STANDARD = "gnu++20";
				CLANG_ENABLE_MODULES = YES;
				CLANG_ENABLE_OBJC_ARC = YES;
				CLANG_ENABLE_OBJC_WEAK = YES;
				CLANG_WARN_BLOCK_CAPTURE_AUTORELEASING = YES;
				CLANG_WARN_BOOL_CONVERSION = YES;
				CLANG_WARN_COMMA = YES;
				CLANG_WARN_CONSTANT_CONVERSION = YES;
				CLANG_WARN_DEPRECATED_OBJC_IMPLEMENTATIONS = YES;
				CLANG_WARN_DIRECT_OBJC_ISA_USAGE = YES_ERROR;
				CLANG_WARN_DOCUMENTATION_COMMENTS = YES;
				CLANG_WARN_EMPTY_BODY = YES;
				CLANG_WARN_ENUM_CONVERSION = YES;
				CLANG_WARN_INFINITE_RECURSION = YES;
				CLANG_WARN_INT_CONVERSION = YES;
				CLANG_WARN_NON_LITERAL_NULL_CONVERSION = YES;
				CLANG_WARN_OBJC_IMPLICIT_RETAIN_SELF = YES;
				CLANG_WARN_OBJC_LITERAL_CONVERSION = YES;
				CLANG_WARN_OBJC_ROOT_CLASS = YES_ERROR;
				CLANG_WARN_QUOTED_INCLUDE_IN_FRAMEWORK_HEADER = YES;
				CLANG_WARN_RANGE_LOOP_ANALYSIS = YES;
				CLANG_WARN_STRICT_PROTOTYPES = YES;
				CLANG_WARN_SUSPICIOUS_MOVE = YES;
				CLANG_WARN_UNGUARDED_AVAILABILITY = YES_AGGRESSIVE;
				CLANG_WARN_UNREACHABLE_CODE = YES;
				CLANG_WARN__DUPLICATE_METHOD_MATCH = YES;
				COPY_PHASE_STRIP = NO;
				DEBUG_INFORMATION_FORMAT = dwarf;
				ENABLE_STRICT_OBJC_MSGSEND = YES;
				ENABLE_TESTABILITY = YES;
				ENABLE_USER_SCRIPT_SANDBOXING = YES;
				GCC_C_LANGUAGE_STANDARD = gnu17;
				GCC_DYNAMIC_NO_PIC = NO;
				GCC_NO_COMMON_BLOCKS = YES;
				GCC_OPTIMIZATION_LEVEL = 0;
				GCC_PREPROCESSOR_DEFINITIONS = (
					"DEBUG=1",
					"$(inherited)",
				);
				GCC_WARN_64_TO_32_BIT_CONVERSION = YES;
				GCC_WARN_ABOUT_RETURN_TYPE = YES_ERROR;
				GCC_WARN_UNDECLARED_SELECTOR = YES;
				GCC_WARN_UNINITIALIZED_AUTOS = YES_AGGRESSIVE;
				GCC_WARN_UNUSED_FUNCTION = YES;
				GCC_WARN_UNUSED_VARIABLE = YES;
				IPHONEOS_DEPLOYMENT_TARGET = 17.2;
				LOCALIZATION_PREFERS_STRING_CATALOGS = YES;
				MTL_ENABLE_DEBUG_INFO = INCLUDE_SOURCE;
				MTL_FAST_MATH = YES;
				ONLY_ACTIVE_ARCH = YES;
				SDKROOT = iphoneos;
				SWIFT_ACTIVE_COMPILATION_CONDITIONS = "DEBUG $(inherited)";
				SWIFT_OPTIMIZATION_LEVEL = "-Onone";
			};
			name = Debug;
		};
		CE8CE3B22BB534D6000027D1 /* Release */ = {
			isa = XCBuildConfiguration;
			buildSettings = {
				ALWAYS_SEARCH_USER_PATHS = NO;
				ASSETCATALOG_COMPILER_GENERATE_SWIFT_ASSET_SYMBOL_EXTENSIONS = YES;
				CLANG_ANALYZER_NONNULL = YES;
				CLANG_ANALYZER_NUMBER_OBJECT_CONVERSION = YES_AGGRESSIVE;
				CLANG_CXX_LANGUAGE_STANDARD = "gnu++20";
				CLANG_ENABLE_MODULES = YES;
				CLANG_ENABLE_OBJC_ARC = YES;
				CLANG_ENABLE_OBJC_WEAK = YES;
				CLANG_WARN_BLOCK_CAPTURE_AUTORELEASING = YES;
				CLANG_WARN_BOOL_CONVERSION = YES;
				CLANG_WARN_COMMA = YES;
				CLANG_WARN_CONSTANT_CONVERSION = YES;
				CLANG_WARN_DEPRECATED_OBJC_IMPLEMENTATIONS = YES;
				CLANG_WARN_DIRECT_OBJC_ISA_USAGE = YES_ERROR;
				CLANG_WARN_DOCUMENTATION_COMMENTS = YES;
				CLANG_WARN_EMPTY_BODY = YES;
				CLANG_WARN_ENUM_CONVERSION = YES;
				CLANG_WARN_INFINITE_RECURSION = YES;
				CLANG_WARN_INT_CONVERSION = YES;
				CLANG_WARN_NON_LITERAL_NULL_CONVERSION = YES;
				CLANG_WARN_OBJC_IMPLICIT_RETAIN_SELF = YES;
				CLANG_WARN_OBJC_LITERAL_CONVERSION = YES;
				CLANG_WARN_OBJC_ROOT_CLASS = YES_ERROR;
				CLANG_WARN_QUOTED_INCLUDE_IN_FRAMEWORK_HEADER = YES;
				CLANG_WARN_RANGE_LOOP_ANALYSIS = YES;
				CLANG_WARN_STRICT_PROTOTYPES = YES;
				CLANG_WARN_SUSPICIOUS_MOVE = YES;
				CLANG_WARN_UNGUARDED_AVAILABILITY = YES_AGGRESSIVE;
				CLANG_WARN_UNREACHABLE_CODE = YES;
				CLANG_WARN__DUPLICATE_METHOD_MATCH = YES;
				COPY_PHASE_STRIP = NO;
				DEBUG_INFORMATION_FORMAT = "dwarf-with-dsym";
				ENABLE_NS_ASSERTIONS = NO;
				ENABLE_STRICT_OBJC_MSGSEND = YES;
				ENABLE_USER_SCRIPT_SANDBOXING = YES;
				GCC_C_LANGUAGE_STANDARD = gnu17;
				GCC_NO_COMMON_BLOCKS = YES;
				GCC_WARN_64_TO_32_BIT_CONVERSION = YES;
				GCC_WARN_ABOUT_RETURN_TYPE = YES_ERROR;
				GCC_WARN_UNDECLARED_SELECTOR = YES;
				GCC_WARN_UNINITIALIZED_AUTOS = YES_AGGRESSIVE;
				GCC_WARN_UNUSED_FUNCTION = YES;
				GCC_WARN_UNUSED_VARIABLE = YES;
				IPHONEOS_DEPLOYMENT_TARGET = 17.2;
				LOCALIZATION_PREFERS_STRING_CATALOGS = YES;
				MTL_ENABLE_DEBUG_INFO = NO;
				MTL_FAST_MATH = YES;
				SDKROOT = iphoneos;
				SWIFT_COMPILATION_MODE = wholemodule;
				VALIDATE_PRODUCT = YES;
			};
			name = Release;
		};
		CE8CE3B42BB534D6000027D1 /* Debug */ = {
			isa = XCBuildConfiguration;
			buildSettings = {
				ASSETCATALOG_COMPILER_APPICON_NAME = AppIcon;
				ASSETCATALOG_COMPILER_GLOBAL_ACCENT_COLOR_NAME = AccentColor;
				CODE_SIGN_STYLE = Automatic;
				CURRENT_PROJECT_VERSION = 1;
				DEVELOPMENT_TEAM = R3HT9YNNBP;
				GENERATE_INFOPLIST_FILE = YES;
				INFOPLIST_FILE = ContactList/Info.plist;
				INFOPLIST_KEY_UIApplicationSupportsIndirectInputEvents = YES;
				INFOPLIST_KEY_UILaunchStoryboardName = LaunchScreen;
				INFOPLIST_KEY_UIMainStoryboardFile = Main;
				INFOPLIST_KEY_UISupportedInterfaceOrientations = UIInterfaceOrientationPortrait;
				INFOPLIST_KEY_UISupportedInterfaceOrientations_iPad = "UIInterfaceOrientationLandscapeLeft UIInterfaceOrientationLandscapeRight UIInterfaceOrientationPortrait UIInterfaceOrientationPortraitUpsideDown";
				LD_RUNPATH_SEARCH_PATHS = (
					"$(inherited)",
					"@executable_path/Frameworks",
				);
				MARKETING_VERSION = 1.0;
				PRODUCT_BUNDLE_IDENTIFIER = ru.myfirstgameeeee22.ContactList;
				PRODUCT_NAME = "$(TARGET_NAME)";
				SUPPORTED_PLATFORMS = "iphoneos iphonesimulator";
				SUPPORTS_MACCATALYST = NO;
				SUPPORTS_MAC_DESIGNED_FOR_IPHONE_IPAD = NO;
				SUPPORTS_XR_DESIGNED_FOR_IPHONE_IPAD = NO;
				SWIFT_EMIT_LOC_STRINGS = YES;
				SWIFT_VERSION = 5.0;
				TARGETED_DEVICE_FAMILY = 1;
			};
			name = Debug;
		};
		CE8CE3B52BB534D6000027D1 /* Release */ = {
			isa = XCBuildConfiguration;
			buildSettings = {
				ASSETCATALOG_COMPILER_APPICON_NAME = AppIcon;
				ASSETCATALOG_COMPILER_GLOBAL_ACCENT_COLOR_NAME = AccentColor;
				CODE_SIGN_STYLE = Automatic;
				CURRENT_PROJECT_VERSION = 1;
				DEVELOPMENT_TEAM = R3HT9YNNBP;
				GENERATE_INFOPLIST_FILE = YES;
				INFOPLIST_FILE = ContactList/Info.plist;
				INFOPLIST_KEY_UIApplicationSupportsIndirectInputEvents = YES;
				INFOPLIST_KEY_UILaunchStoryboardName = LaunchScreen;
				INFOPLIST_KEY_UIMainStoryboardFile = Main;
				INFOPLIST_KEY_UISupportedInterfaceOrientations = UIInterfaceOrientationPortrait;
				INFOPLIST_KEY_UISupportedInterfaceOrientations_iPad = "UIInterfaceOrientationLandscapeLeft UIInterfaceOrientationLandscapeRight UIInterfaceOrientationPortrait UIInterfaceOrientationPortraitUpsideDown";
				LD_RUNPATH_SEARCH_PATHS = (
					"$(inherited)",
					"@executable_path/Frameworks",
				);
				MARKETING_VERSION = 1.0;
				PRODUCT_BUNDLE_IDENTIFIER = ru.myfirstgameeeee22.ContactList;
				PRODUCT_NAME = "$(TARGET_NAME)";
				SUPPORTED_PLATFORMS = "iphoneos iphonesimulator";
				SUPPORTS_MACCATALYST = NO;
				SUPPORTS_MAC_DESIGNED_FOR_IPHONE_IPAD = NO;
				SUPPORTS_XR_DESIGNED_FOR_IPHONE_IPAD = NO;
				SWIFT_EMIT_LOC_STRINGS = YES;
				SWIFT_VERSION = 5.0;
				TARGETED_DEVICE_FAMILY = 1;
			};
			name = Release;
		};
/* End XCBuildConfiguration section */

/* Begin XCConfigurationList section */
		CE8CE39A2BB534D5000027D1 /* Build configuration list for PBXProject "ContactList" */ = {
			isa = XCConfigurationList;
			buildConfigurations = (
				CE8CE3B12BB534D6000027D1 /* Debug */,
				CE8CE3B22BB534D6000027D1 /* Release */,
			);
			defaultConfigurationIsVisible = 0;
			defaultConfigurationName = Release;
		};
		CE8CE3B32BB534D6000027D1 /* Build configuration list for PBXNativeTarget "ContactList" */ = {
			isa = XCConfigurationList;
			buildConfigurations = (
				CE8CE3B42BB534D6000027D1 /* Debug */,
				CE8CE3B52BB534D6000027D1 /* Release */,
			);
			defaultConfigurationIsVisible = 0;
			defaultConfigurationName = Release;
		};
/* End XCConfigurationList section */
	};
	rootObject = CE8CE3972BB534D5000027D1 /* Project object */;
}
